
Microsoft Visual Studio Solution File, Format Version 12.00
# Visual Studio Version 17
VisualStudioVersion = 17.10.35027.167
MinimumVisualStudioVersion = 10.0.40219.1
Project("{9A19103F-16F7-4668-BE54-9A1E7A4F7556}") = "microwave-benner.API", "microwave-benner.Server\microwave-benner.API.csproj", "{EA73D42A-C830-46C9-AC0D-F327B1678D5D}"
EndProject
Project("{54A90642-561A-4BB1-A94E-469ADEE60C69}") = "microwave-benner.UI", "microwave-benner.client\microwave-benner.UI.esproj", "{D9932E76-CF1C-43E6-8910-032E4131EBC8}"
EndProject
Project("{9A19103F-16F7-4668-BE54-9A1E7A4F7556}") = "microwave-benner.Domain", "microwave-benner.Domain\microwave-benner.Domain.csproj", "{27C77AD1-32A8-4E8E-8A9B-0B9D718F7F46}"
EndProject
Project("{9A19103F-16F7-4668-BE54-9A1E7A4F7556}") = "microwave-benner.Infra.Data", "microwave-benner.Infra.Data\microwave-benner.Infra.Data.csproj", "{65E15EF3-261B-4D46-B9D7-2C10DBA807B6}"
EndProject
Project("{9A19103F-16F7-4668-BE54-9A1E7A4F7556}") = "microwave-benner.Infra.Ioc", "microwave-benner.Infra.Ioc\microwave-benner.Infra.Ioc.csproj", "{DB94D452-D4DE-4131-9AF2-34890069A36E}"
EndProject
Project("{9A19103F-16F7-4668-BE54-9A1E7A4F7556}") = "microwave-benner.Application", "microwave-benner.Application\microwave-benner.Application.csproj", "{A3901C8C-F96A-44BE-AD9A-AB43B78DD9AF}"
EndProject
Global
	GlobalSection(SolutionConfigurationPlatforms) = preSolution
		Debug|Any CPU = Debug|Any CPU
		Release|Any CPU = Release|Any CPU
	EndGlobalSection
	GlobalSection(ProjectConfigurationPlatforms) = postSolution
		{EA73D42A-C830-46C9-AC0D-F327B1678D5D}.Debug|Any CPU.ActiveCfg = Debug|Any CPU
		{EA73D42A-C830-46C9-AC0D-F327B1678D5D}.Debug|Any CPU.Build.0 = Debug|Any CPU
		{EA73D42A-C830-46C9-AC0D-F327B1678D5D}.Release|Any CPU.ActiveCfg = Release|Any CPU
		{EA73D42A-C830-46C9-AC0D-F327B1678D5D}.Release|Any CPU.Build.0 = Release|Any CPU
		{D9932E76-CF1C-43E6-8910-032E4131EBC8}.Debug|Any CPU.ActiveCfg = Debug|Any CPU
		{D9932E76-CF1C-43E6-8910-032E4131EBC8}.Debug|Any CPU.Build.0 = Debug|Any CPU
		{D9932E76-CF1C-43E6-8910-032E4131EBC8}.Debug|Any CPU.Deploy.0 = Debug|Any CPU
		{D9932E76-CF1C-43E6-8910-032E4131EBC8}.Release|Any CPU.ActiveCfg = Release|Any CPU
		{D9932E76-CF1C-43E6-8910-032E4131EBC8}.Release|Any CPU.Build.0 = Release|Any CPU
		{D9932E76-CF1C-43E6-8910-032E4131EBC8}.Release|Any CPU.Deploy.0 = Release|Any CPU
		{27C77AD1-32A8-4E8E-8A9B-0B9D718F7F46}.Debug|Any CPU.ActiveCfg = Debug|Any CPU
		{27C77AD1-32A8-4E8E-8A9B-0B9D718F7F46}.Debug|Any CPU.Build.0 = Debug|Any CPU
		{27C77AD1-32A8-4E8E-8A9B-0B9D718F7F46}.Release|Any CPU.ActiveCfg = Release|Any CPU
		{27C77AD1-32A8-4E8E-8A9B-0B9D718F7F46}.Release|Any CPU.Build.0 = Release|Any CPU
		{65E15EF3-261B-4D46-B9D7-2C10DBA807B6}.Debug|Any CPU.ActiveCfg = Debug|Any CPU
		{65E15EF3-261B-4D46-B9D7-2C10DBA807B6}.Debug|Any CPU.Build.0 = Debug|Any CPU
		{65E15EF3-261B-4D46-B9D7-2C10DBA807B6}.Release|Any CPU.ActiveCfg = Release|Any CPU
		{65E15EF3-261B-4D46-B9D7-2C10DBA807B6}.Release|Any CPU.Build.0 = Release|Any CPU
		{DB94D452-D4DE-4131-9AF2-34890069A36E}.Debug|Any CPU.ActiveCfg = Debug|Any CPU
		{DB94D452-D4DE-4131-9AF2-34890069A36E}.Debug|Any CPU.Build.0 = Debug|Any CPU
		{DB94D452-D4DE-4131-9AF2-34890069A36E}.Release|Any CPU.ActiveCfg = Release|Any CPU
		{DB94D452-D4DE-4131-9AF2-34890069A36E}.Release|Any CPU.Build.0 = Release|Any CPU
		{A3901C8C-F96A-44BE-AD9A-AB43B78DD9AF}.Debug|Any CPU.ActiveCfg = Debug|Any CPU
		{A3901C8C-F96A-44BE-AD9A-AB43B78DD9AF}.Debug|Any CPU.Build.0 = Debug|Any CPU
		{A3901C8C-F96A-44BE-AD9A-AB43B78DD9AF}.Release|Any CPU.ActiveCfg = Release|Any CPU
		{A3901C8C-F96A-44BE-AD9A-AB43B78DD9AF}.Release|Any CPU.Build.0 = Release|Any CPU
	EndGlobalSection
	GlobalSection(SolutionProperties) = preSolution
		HideSolutionNode = FALSE
	EndGlobalSection
	GlobalSection(ExtensibilityGlobals) = postSolution
		SolutionGuid = {E46C33E8-FE67-4D77-9073-B23104FB29F1}
	EndGlobalSection
EndGlobal
